{
  "name": "valoria",
  "version": "3.2.0",
  "lockfileVersion": 2,
  "requires": true,
  "packages": {
    "": {
      "name": "valoria",
      "version": "3.2.0",
      "license": "ISC",
      "dependencies": {
        "valoria": "^3.2.0"
      }
    },
    "node_modules/valoria": {
      "version": "3.2.0",
      "resolved": "https://registry.npmjs.org/valoria/-/valoria-3.2.0.tgz",
      "integrity": "sha512-2yja0KXEeuFnD5uydNmWqA0S/QvWstNgDyq0gkrIhV3Gu9nOCieWQBhIoc1s9FjHlQ5rFtn8i0LlpYy6ebWEFQ=="
    }
  },
  "dependencies": {
    "valoria": {
      "version": "3.2.0",
      "resolved": "https://registry.npmjs.org/valoria/-/valoria-3.2.0.tgz",
      "integrity": "sha512-2yja0KXEeuFnD5uydNmWqA0S/QvWstNgDyq0gkrIhV3Gu9nOCieWQBhIoc1s9FjHlQ5rFtn8i0LlpYy6ebWEFQ=="
    }
  }
}
